Microsoft Visual Studio Solution File, Format Version 12.00
# Visual Studio Version 17
VisualStudioVersion = 17.5.2.0
MinimumVisualStudioVersion = 10.0.40219.1
Project("{FAE04EC0-301F-11D3-BF4B-00C04F79EFBC}") = "FPSUnlimiter", "FPSUnlimiter.csproj", "{B7CD3507-E4EE-18C2-EFF1-64F76B1D4E73}"
EndProject
Global
	GlobalSection(SolutionConfigurationPlatforms) = preSolution
		Debug|Any CPU = Debug|Any CPU
		Release|Any CPU = Release|Any CPU
	EndGlobalSection
	GlobalSection(ProjectConfigurationPlatforms) = postSolution
		{B7CD3507-E4EE-18C2-EFF1-64F76B1D4E73}.Debug|Any CPU.ActiveCfg = Debug|Any CPU
		{B7CD3507-E4EE-18C2-EFF1-64F76B1D4E73}.Debug|Any CPU.Build.0 = Debug|Any CPU
		{B7CD3507-E4EE-18C2-EFF1-64F76B1D4E73}.Release|Any CPU.ActiveCfg = Release|Any CPU
		{B7CD3507-E4EE-18C2-EFF1-64F76B1D4E73}.Release|Any CPU.Build.0 = Release|Any CPU
	EndGlobalSection
	GlobalSection(SolutionProperties) = preSolution
		HideSolutionNode = FALSE
	EndGlobalSection
	GlobalSection(ExtensibilityGlobals) = postSolution
		SolutionGuid = {4601094F-3AB4-43EA-B61A-0B9116A79A92}
	EndGlobalSection
EndGlobal
